// !$*UTF8*$!
{
	archiveVersion = 1;
	classes = {
	};
	objectVersion = 50;
	objects = {

/* Begin PBXBuildFile section */
		2EC4C1F223FBAB68007BAA01 /* AppDelegate.swift in Sources */ = {isa = PBXBuildFile; fileRef = 2EC4C1F123FBAB68007BAA01 /* AppDelegate.swift */; };
		2EC4C1F423FBAB68007BAA01 /* SceneDelegate.swift in Sources */ = {isa = PBXBuildFile; fileRef = 2EC4C1F323FBAB68007BAA01 /* SceneDelegate.swift */; };
		2EC4C1F623FBAB68007BAA01 /* ContentView.swift in Sources */ = {isa = PBXBuildFile; fileRef = 2EC4C1F523FBAB68007BAA01 /* ContentView.swift */; };
		2EC4C1F823FBAB6B007BAA01 /* Assets.xcassets in Resources */ = {isa = PBXBuildFile; fileRef = 2EC4C1F723FBAB6B007BAA01 /* Assets.xcassets */; };
		2EC4C1FB23FBAB6B007BAA01 /* Preview Assets.xcassets in Resources */ = {isa = PBXBuildFile; fileRef = 2EC4C1FA23FBAB6B007BAA01 /* Preview Assets.xcassets */; };
		2EC4C1FE23FBAB6B007BAA01 /* LaunchScreen.storyboard in Resources */ = {isa = PBXBuildFile; fileRef = 2EC4C1FC23FBAB6B007BAA01 /* LaunchScreen.storyboard */; };
		2EC4C20923FBAB6B007BAA01 /* DangerTests.swift in Sources */ = {isa = PBXBuildFile; fileRef = 2EC4C20823FBAB6B007BAA01 /* DangerTests.swift */; };
		2EC4C21423FBAB6B007BAA01 /* DangerUITests.swift in Sources */ = {isa = PBXBuildFile; fileRef = 2EC4C21323FBAB6B007BAA01 /* DangerUITests.swift */; };
/* End PBXBuildFile section */

/* Begin PBXContainerItemProxy section */
		2EC4C20523FBAB6B007BAA01 /* PBXContainerItemProxy */ = {
			isa = PBXContainerItemProxy;
			containerPortal = 2EC4C1E623FBAB68007BAA01 /* Project object */;
			proxyType = 1;
			remoteGlobalIDString = 2EC4C1ED23FBAB68007BAA01;
			remoteInfo = Danger;
		};
		2EC4C21023FBAB6B007BAA01 /* PBXContainerItemProxy */ = {
			isa = PBXContainerItemProxy;
			containerPortal = 2EC4C1E623FBAB68007BAA01 /* Project object */;
			proxyType = 1;
			remoteGlobalIDString = 2EC4C1ED23FBAB68007BAA01;
			remoteInfo = Danger;
		};
/* End PBXContainerItemProxy section */

/* Begin PBXFileReference section */
		2EC4C1EE23FBAB68007BAA01 /* Danger.app */ = {isa = PBXFileReference; explicitFileType = wrapper.application; includeInIndex = 0; path = Danger.app; sourceTree = BUILT_PRODUCTS_DIR; };
		2EC4C1F123FBAB68007BAA01 /* AppDelegate.swift */ = {isa = PBXFileReference; lastKnownFileType = sourcecode.swift; path = AppDelegate.swift; sourceTree = "<group>"; };
		2EC4C1F323FBAB68007BAA01 /* SceneDelegate.swift */ = {isa = PBXFileReference; lastKnownFileType = sourcecode.swift; path = SceneDelegate.swift; sourceTree = "<group>"; };
		2EC4C1F523FBAB68007BAA01 /* ContentView.swift */ = {isa = PBXFileReference; lastKnownFileType = sourcecode.swift; path = ContentView.swift; sourceTree = "<group>"; };
		2EC4C1F723FBAB6B007BAA01 /* Assets.xcassets */ = {isa = PBXFileReference; lastKnownFileType = folder.assetcatalog; path = Assets.xcassets; sourceTree = "<group>"; };
		2EC4C1FA23FBAB6B007BAA01 /* Preview Assets.xcassets */ = {isa = PBXFileReference; lastKnownFileType = folder.assetcatalog; path = "Preview Assets.xcassets"; sourceTree = "<group>"; };
		2EC4C1FD23FBAB6B007BAA01 /* Base */ = {isa = PBXFileReference; lastKnownFileType = file.storyboard; name = Base; path = Base.lproj/LaunchScreen.storyboard; sourceTree = "<group>"; };
		2EC4C1FF23FBAB6B007BAA01 /* Info.plist */ = {isa = PBXFileReference; lastKnownFileType = text.plist.xml; path = Info.plist; sourceTree = "<group>"; };
		2EC4C20423FBAB6B007BAA01 /* DangerTests.xctest */ = {isa = PBXFileReference; explicitFileType = wrapper.cfbundle; includeInIndex = 0; path = DangerTests.xctest; sourceTree = BUILT_PRODUCTS_DIR; };
		2EC4C20823FBAB6B007BAA01 /* DangerTests.swift */ = {isa = PBXFileReference; lastKnownFileType = sourcecode.swift; path = DangerTests.swift; sourceTree = "<group>"; };
		2EC4C20A23FBAB6B007BAA01 /* Info.plist */ = {isa = PBXFileReference; lastKnownFileType = text.plist.xml; path = Info.plist; sourceTree = "<group>"; };
		2EC4C20F23FBAB6B007BAA01 /* DangerUITests.xctest */ = {isa = PBXFileReference; explicitFileType = wrapper.cfbundle; includeInIndex = 0; path = DangerUITests.xctest; sourceTree = BUILT_PRODUCTS_DIR; };
		2EC4C21323FBAB6B007BAA01 /* DangerUITests.swift */ = {isa = PBXFileReference; lastKnownFileType = sourcecode.swift; path = DangerUITests.swift; sourceTree = "<group>"; };
		2EC4C21523FBAB6B007BAA01 /* Info.plist */ = {isa = PBXFileReference; lastKnownFileType = text.plist.xml; path = Info.plist; sourceTree = "<group>"; };
/* End PBXFileReference section */

/* Begin PBXFrameworksBuildPhase section */
		2EC4C1EB23FBAB68007BAA01 /* Frameworks */ = {
			isa = PBXFrameworksBuildPhase;
			buildActionMask = 2147483647;
			files = (
			);
			runOnlyForDeploymentPostprocessing = 0;
		};
		2EC4C20123FBAB6B007BAA01 /* Frameworks */ = {
			isa = PBXFrameworksBuildPhase;
			buildActionMask = 2147483647;
			files = (
			);
			runOnlyForDeploymentPostprocessing = 0;
		};
		2EC4C20C23FBAB6B007BAA01 /* Frameworks */ = {
			isa = PBXFrameworksBuildPhase;
			buildActionMask = 2147483647;
			files = (
			);
			runOnlyForDeploymentPostprocessing = 0;
		};
/* End PBXFrameworksBuildPhase section */

/* Begin PBXGroup section */
		2EC4C1E523FBAB68007BAA01 = {
			isa = PBXGroup;
			children = (
				2EC4C1F023FBAB68007BAA01 /* Danger */,
				2EC4C20723FBAB6B007BAA01 /* DangerTests */,
				2EC4C21223FBAB6B007BAA01 /* DangerUITests */,
				2EC4C1EF23FBAB68007BAA01 /* Products */,
			);
			sourceTree = "<group>";
		};
		2EC4C1EF23FBAB68007BAA01 /* Products */ = {
			isa = PBXGroup;
			children = (
				2EC4C1EE23FBAB68007BAA01 /* Danger.app */,
				2EC4C20423FBAB6B007BAA01 /* DangerTests.xctest */,
				2EC4C20F23FBAB6B007BAA01 /* DangerUITests.xctest */,
			);
			name = Products;
			sourceTree = "<group>";
		};
		2EC4C1F023FBAB68007BAA01 /* Danger */ = {
			isa = PBXGroup;
			children = (
				2EC4C1F123FBAB68007BAA01 /* AppDelegate.swift */,
				2EC4C1F323FBAB68007BAA01 /* SceneDelegate.swift */,
				2EC4C1F523FBAB68007BAA01 /* ContentView.swift */,
				2EC4C1F723FBAB6B007BAA01 /* Assets.xcassets */,
				2EC4C1FC23FBAB6B007BAA01 /* LaunchScreen.storyboard */,
				2EC4C1FF23FBAB6B007BAA01 /* Info.plist */,
				2EC4C1F923FBAB6B007BAA01 /* Preview Content */,
			);
			path = Danger;
			sourceTree = "<group>";
		};
		2EC4C1F923FBAB6B007BAA01 /* Preview Content */ = {
			isa = PBXGroup;
			children = (
				2EC4C1FA23FBAB6B007BAA01 /* Preview Assets.xcassets */,
			);
			path = "Preview Content";
			sourceTree = "<group>";
		};
		2EC4C20723FBAB6B007BAA01 /* DangerTests */ = {
			isa = PBXGroup;
			children = (
				2EC4C20823FBAB6B007BAA01 /* DangerTests.swift */,
				2EC4C20A23FBAB6B007BAA01 /* Info.plist */,
			);
			path = DangerTests;
			sourceTree = "<group>";
		};
		2EC4C21223FBAB6B007BAA01 /* DangerUITests */ = {
			isa = PBXGroup;
			children = (
				2EC4C21323FBAB6B007BAA01 /* DangerUITests.swift */,
				2EC4C21523FBAB6B007BAA01 /* Info.plist */,
			);
			path = DangerUITests;
			sourceTree = "<group>";
		};
/* End PBXGroup section */

/* Begin PBXNativeTarget section */
		2EC4C1ED23FBAB68007BAA01 /* Danger */ = {
			isa = PBXNativeTarget;
			buildConfigurationList = 2EC4C21823FBAB6B007BAA01 /* Build configuration list for PBXNativeTarget "Danger" */;
			buildPhases = (
				2EC4C1EA23FBAB68007BAA01 /* Sources */,
				2EC4C1EB23FBAB68007BAA01 /* Frameworks */,
				2EC4C1EC23FBAB68007BAA01 /* Resources */,
			);
			buildRules = (
			);
			dependencies = (
			);
			name = Danger;
			productName = Danger;
			productReference = 2EC4C1EE23FBAB68007BAA01 /* Danger.app */;
			productType = "com.apple.product-type.application";
		};
		2EC4C20323FBAB6B007BAA01 /* DangerTests */ = {
			isa = PBXNativeTarget;
			buildConfigurationList = 2EC4C21B23FBAB6B007BAA01 /* Build configuration list for PBXNativeTarget "DangerTests" */;
			buildPhases = (
				2EC4C20023FBAB6B007BAA01 /* Sources */,
				2EC4C20123FBAB6B007BAA01 /* Frameworks */,
				2EC4C20223FBAB6B007BAA01 /* Resources */,
			);
			buildRules = (
			);
			dependencies = (
				2EC4C20623FBAB6B007BAA01 /* PBXTargetDependency */,
			);
			name = DangerTests;
			productName = DangerTests;
			productReference = 2EC4C20423FBAB6B007BAA01 /* DangerTests.xctest */;
			productType = "com.apple.product-type.bundle.unit-test";
		};
		2EC4C20E23FBAB6B007BAA01 /* DangerUITests */ = {
			isa = PBXNativeTarget;
			buildConfigurationList = 2EC4C21E23FBAB6B007BAA01 /* Build configuration list for PBXNativeTarget "DangerUITests" */;
			buildPhases = (
				2EC4C20B23FBAB6B007BAA01 /* Sources */,
				2EC4C20C23FBAB6B007BAA01 /* Frameworks */,
				2EC4C20D23FBAB6B007BAA01 /* Resources */,
			);
			buildRules = (
			);
			dependencies = (
				2EC4C21123FBAB6B007BAA01 /* PBXTargetDependency */,
			);
			name = DangerUITests;
			productName = DangerUITests;
			productReference = 2EC4C20F23FBAB6B007BAA01 /* DangerUITests.xctest */;
			productType = "com.apple.product-type.bundle.ui-testing";
		};
/* End PBXNativeTarget section */

/* Begin PBXProject section */
		2EC4C1E623FBAB68007BAA01 /* Project object */ = {
			isa = PBXProject;
			attributes = {
				LastSwiftUpdateCheck = 1130;
				LastUpgradeCheck = 1130;
				ORGANIZATIONNAME = Ronald;
				TargetAttributes = {
					2EC4C1ED23FBAB68007BAA01 = {
						CreatedOnToolsVersion = 11.3.1;
					};
					2EC4C20323FBAB6B007BAA01 = {
						CreatedOnToolsVersion = 11.3.1;
						TestTargetID = 2EC4C1ED23FBAB68007BAA01;
					};
					2EC4C20E23FBAB6B007BAA01 = {
						CreatedOnToolsVersion = 11.3.1;
						TestTargetID = 2EC4C1ED23FBAB68007BAA01;
					};
				};
			};
			buildConfigurationList = 2EC4C1E923FBAB68007BAA01 /* Build configuration list for PBXProject "Danger" */;
			compatibilityVersion = "Xcode 9.3";
			developmentRegion = en;
			hasScannedForEncodings = 0;
			knownRegions = (
				en,
				Base,
			);
			mainGroup = 2EC4C1E523FBAB68007BAA01;
			productRefGroup = 2EC4C1EF23FBAB68007BAA01 /* Products */;
			projectDirPath = "";
			projectRoot = "";
			targets = (
				2EC4C1ED23FBAB68007BAA01 /* Danger */,
				2EC4C20323FBAB6B007BAA01 /* DangerTests */,
				2EC4C20E23FBAB6B007BAA01 /* DangerUITests */,
			);
		};
/* End PBXProject section */

/* Begin PBXResourcesBuildPhase section */
		2EC4C1EC23FBAB68007BAA01 /* Resources */ = {
			isa = PBXResourcesBuildPhase;
			buildActionMask = 2147483647;
			files = (
				2EC4C1FE23FBAB6B007BAA01 /* LaunchScreen.storyboard in Resources */,
				2EC4C1FB23FBAB6B007BAA01 /* Preview Assets.xcassets in Resources */,
				2EC4C1F823FBAB6B007BAA01 /* Assets.xcassets in Resources */,
			);
			runOnlyForDeploymentPostprocessing = 0;
		};
		2EC4C20223FBAB6B007BAA01 /* Resources */ = {
			isa = PBXResourcesBuildPhase;
			buildActionMask = 2147483647;
			files = (
			);
			runOnlyForDeploymentPostprocessing = 0;
		};
		2EC4C20D23FBAB6B007BAA01 /* Resources */ = {
			isa = PBXResourcesBuildPhase;
			buildActionMask = 2147483647;
			files = (
			);
			runOnlyForDeploymentPostprocessing = 0;
		};
/* End PBXResourcesBuildPhase section */

/* Begin PBXSourcesBuildPhase section */
		2EC4C1EA23FBAB68007BAA01 /* Sources */ = {
			isa = PBXSourcesBuildPhase;
			buildActionMask = 2147483647;
			files = (
				2EC4C1F223FBAB68007BAA01 /* AppDelegate.swift in Sources */,
				2EC4C1F423FBAB68007BAA01 /* SceneDelegate.swift in Sources */,
				2EC4C1F623FBAB68007BAA01 /* ContentView.swift in Sources */,
			);
			runOnlyForDeploymentPostprocessing = 0;
		};
		2EC4C20023FBAB6B007BAA01 /* Sources */ = {
			isa = PBXSourcesBuildPhase;
			buildActionMask = 2147483647;
			files = (
				2EC4C20923FBAB6B007BAA01 /* DangerTests.swift in Sources */,
			);
			runOnlyForDeploymentPostprocessing = 0;
		};
		2EC4C20B23FBAB6B007BAA01 /* Sources */ = {
			isa = PBXSourcesBuildPhase;
			buildActionMask = 2147483647;
			files = (
				2EC4C21423FBAB6B007BAA01 /* DangerUITests.swift in Sources */,
			);
			runOnlyForDeploymentPostprocessing = 0;
		};
/* End PBXSourcesBuildPhase section */

/* Begin PBXTargetDependency section */
		2EC4C20623FBAB6B007BAA01 /* PBXTargetDependency */ = {
			isa = PBXTargetDependency;
			target = 2EC4C1ED23FBAB68007BAA01 /* Danger */;
			targetProxy = 2EC4C20523FBAB6B007BAA01 /* PBXContainerItemProxy */;
		};
		2EC4C21123FBAB6B007BAA01 /* PBXTargetDependency */ = {
			isa = PBXTargetDependency;
			target = 2EC4C1ED23FBAB68007BAA01 /* Danger */;
			targetProxy = 2EC4C21023FBAB6B007BAA01 /* PBXContainerItemProxy */;
		};
/* End PBXTargetDependency section */

/* Begin PBXVariantGroup section */
		2EC4C1FC23FBAB6B007BAA01 /* LaunchScreen.storyboard */ = {
			isa = PBXVariantGroup;
			children = (
				2EC4C1FD23FBAB6B007BAA01 /* Base */,
			);
			name = LaunchScreen.storyboard;
			sourceTree = "<group>";
		};
/* End PBXVariantGroup section */

/* Begin XCBuildConfiguration section */
		2EC4C21623FBAB6B007BAA01 /* Debug */ = {
			isa = XCBuildConfiguration;
			buildSettings = {
				ALWAYS_SEARCH_USER_PATHS = NO;
				CLANG_ANALYZER_NONNULL = YES;
				CLANG_ANALYZER_NUMBER_OBJECT_CONVERSION = YES_AGGRESSIVE;
				CLANG_CXX_LANGUAGE_STANDARD = "gnu++14";
				CLANG_CXX_LIBRARY = "libc++";
				CLANG_ENABLE_MODULES = YES;
				CLANG_ENABLE_OBJC_ARC = YES;
				CLANG_ENABLE_OBJC_WEAK = YES;
				CLANG_WARN_BLOCK_CAPTURE_AUTORELEASING = YES;
				CLANG_WARN_BOOL_CONVERSION = YES;
				CLANG_WARN_COMMA = YES;
				CLANG_WARN_CONSTANT_CONVERSION = YES;
				CLANG_WARN_DEPRECATED_OBJC_IMPLEMENTATIONS = YES;
				CLANG_WARN_DIRECT_OBJC_ISA_USAGE = YES_ERROR;
				CLANG_WARN_DOCUMENTATION_COMMENTS = YES;
				CLANG_WARN_EMPTY_BODY = YES;
				CLANG_WARN_ENUM_CONVERSION = YES;
				CLANG_WARN_INFINITE_RECURSION = YES;
				CLANG_WARN_INT_CONVERSION = YES;
				CLANG_WARN_NON_LITERAL_NULL_CONVERSION = YES;
				CLANG_WARN_OBJC_IMPLICIT_RETAIN_SELF = YES;
				CLANG_WARN_OBJC_LITERAL_CONVERSION = YES;
				CLANG_WARN_OBJC_ROOT_CLASS = YES_ERROR;
				CLANG_WARN_RANGE_LOOP_ANALYSIS = YES;
				CLANG_WARN_STRICT_PROTOTYPES = YES;
				CLANG_WARN_SUSPICIOUS_MOVE = YES;
				CLANG_WARN_UNGUARDED_AVAILABILITY = YES_AGGRESSIVE;
				CLANG_WARN_UNREACHABLE_CODE = YES;
				CLANG_WARN__DUPLICATE_METHOD_MATCH = YES;
				COPY_PHASE_STRIP = NO;
				DEBUG_INFORMATION_FORMAT = dwarf;
				ENABLE_STRICT_OBJC_MSGSEND = YES;
				ENABLE_TESTABILITY = YES;
				GCC_C_LANGUAGE_STANDARD = gnu11;
				GCC_DYNAMIC_NO_PIC = NO;
				GCC_NO_COMMON_BLOCKS = YES;
				GCC_OPTIMIZATION_LEVEL = 0;
				GCC_PREPROCESSOR_DEFINITIONS = (
					"DEBUG=1",
					"$(inherited)",
				);
				GCC_WARN_64_TO_32_BIT_CONVERSION = YES;
				GCC_WARN_ABOUT_RETURN_TYPE = YES_ERROR;
				GCC_WARN_UNDECLARED_SELECTOR = YES;
				GCC_WARN_UNINITIALIZED_AUTOS = YES_AGGRESSIVE;
				GCC_WARN_UNUSED_FUNCTION = YES;
				GCC_WARN_UNUSED_VARIABLE = YES;
				IPHONEOS_DEPLOYMENT_TARGET = 13.2;
				MTL_ENABLE_DEBUG_INFO = INCLUDE_SOURCE;
				MTL_FAST_MATH = YES;
				ONLY_ACTIVE_ARCH = YES;
				SDKROOT = iphoneos;
				SWIFT_ACTIVE_COMPILATION_CONDITIONS = DEBUG;
				SWIFT_OPTIMIZATION_LEVEL = "-Onone";
			};
			name = Debug;
		};
		2EC4C21723FBAB6B007BAA01 /* Release */ = {
			isa = XCBuildConfiguration;
			buildSettings = {
				ALWAYS_SEARCH_USER_PATHS = NO;
				CLANG_ANALYZER_NONNULL = YES;
				CLANG_ANALYZER_NUMBER_OBJECT_CONVERSION = YES_AGGRESSIVE;
				CLANG_CXX_LANGUAGE_STANDARD = "gnu++14";
				CLANG_CXX_LIBRARY = "libc++";
				CLANG_ENABLE_MODULES = YES;
				CLANG_ENABLE_OBJC_ARC = YES;
				CLANG_ENABLE_OBJC_WEAK = YES;
				CLANG_WARN_BLOCK_CAPTURE_AUTORELEASING = YES;
				CLANG_WARN_BOOL_CONVERSION = YES;
				CLANG_WARN_COMMA = YES;
				CLANG_WARN_CONSTANT_CONVERSION = YES;
				CLANG_WARN_DEPRECATED_OBJC_IMPLEMENTATIONS = YES;
				CLANG_WARN_DIRECT_OBJC_ISA_USAGE = YES_ERROR;
				CLANG_WARN_DOCUMENTATION_COMMENTS = YES;
				CLANG_WARN_EMPTY_BODY = YES;
				CLANG_WARN_ENUM_CONVERSION = YES;
				CLANG_WARN_INFINITE_RECURSION = YES;
				CLANG_WARN_INT_CONVERSION = YES;
				CLANG_WARN_NON_LITERAL_NULL_CONVERSION = YES;
				CLANG_WARN_OBJC_IMPLICIT_RETAIN_SELF = YES;
				CLANG_WARN_OBJC_LITERAL_CONVERSION = YES;
				CLANG_WARN_OBJC_ROOT_CLASS = YES_ERROR;
				CLANG_WARN_RANGE_LOOP_ANALYSIS = YES;
				CLANG_WARN_STRICT_PROTOTYPES = YES;
				CLANG_WARN_SUSPICIOUS_MOVE = YES;
				CLANG_WARN_UNGUARDED_AVAILABILITY = YES_AGGRESSIVE;
				CLANG_WARN_UNREACHABLE_CODE = YES;
				CLANG_WARN__DUPLICATE_METHOD_MATCH = YES;
				COPY_PHASE_STRIP = NO;
				DEBUG_INFORMATION_FORMAT = "dwarf-with-dsym";
				ENABLE_NS_ASSERTIONS = NO;
				ENABLE_STRICT_OBJC_MSGSEND = YES;
				GCC_C_LANGUAGE_STANDARD = gnu11;
				GCC_NO_COMMON_BLOCKS = YES;
				GCC_WARN_64_TO_32_BIT_CONVERSION = YES;
				GCC_WARN_ABOUT_RETURN_TYPE = YES_ERROR;
				GCC_WARN_UNDECLARED_SELECTOR = YES;
				GCC_WARN_UNINITIALIZED_AUTOS = YES_AGGRESSIVE;
				GCC_WARN_UNUSED_FUNCTION = YES;
				GCC_WARN_UNUSED_VARIABLE = YES;
				IPHONEOS_DEPLOYMENT_TARGET = 13.2;
				MTL_ENABLE_DEBUG_INFO = NO;
				MTL_FAST_MATH = YES;
				SDKROOT = iphoneos;
				SWIFT_COMPILATION_MODE = wholemodule;
				SWIFT_OPTIMIZATION_LEVEL = "-O";
				VALIDATE_PRODUCT = YES;
			};
			name = Release;
		};
		2EC4C21923FBAB6B007BAA01 /* Debug */ = {
			isa = XCBuildConfiguration;
			buildSettings = {
				ASSETCATALOG_COMPILER_APPICON_NAME = AppIcon;
				CODE_SIGN_STYLE = Automatic;
				DEVELOPMENT_ASSET_PATHS = "\"Danger/Preview Content\"";
				ENABLE_PREVIEWS = YES;
				INFOPLIST_FILE = Danger/Info.plist;
				LD_RUNPATH_SEARCH_PATHS = (
					"$(inherited)",
					"@executable_path/Frameworks",
				);
				PRODUCT_BUNDLE_IDENTIFIER = com.Ronald.Danger;
				PRODUCT_NAME = "$(TARGET_NAME)";
				SWIFT_VERSION = 5.0;
				TARGETED_DEVICE_FAMILY = "1,2";
			};
			name = Debug;
		};
		2EC4C21A23FBAB6B007BAA01 /* Release */ = {
			isa = XCBuildConfiguration;
			buildSettings = {
				ASSETCATALOG_COMPILER_APPICON_NAME = AppIcon;
				CODE_SIGN_STYLE = Automatic;
				DEVELOPMENT_ASSET_PATHS = "\"Danger/Preview Content\"";
				ENABLE_PREVIEWS = YES;
				INFOPLIST_FILE = Danger/Info.plist;
				LD_RUNPATH_SEARCH_PATHS = (
					"$(inherited)",
					"@executable_path/Frameworks",
				);
				PRODUCT_BUNDLE_IDENTIFIER = com.Ronald.Danger;
				PRODUCT_NAME = "$(TARGET_NAME)";
				SWIFT_VERSION = 5.0;
				TARGETED_DEVICE_FAMILY = "1,2";
			};
			name = Release;
		};
		2EC4C21C23FBAB6B007BAA01 /* Debug */ = {
			isa = XCBuildConfiguration;
			buildSettings = {
				ALWAYS_EMBED_SWIFT_STANDARD_LIBRARIES = YES;
				BUNDLE_LOADER = "$(TEST_HOST)";
				CODE_SIGN_STYLE = Automatic;
				INFOPLIST_FILE = DangerTests/Info.plist;
				IPHONEOS_DEPLOYMENT_TARGET = 13.2;
				LD_RUNPATH_SEARCH_PATHS = (
					"$(inherited)",
					"@executable_path/Frameworks",
					"@loader_path/Frameworks",
				);
				PRODUCT_BUNDLE_IDENTIFIER = com.Ronald.DangerTests;
				PRODUCT_NAME = "$(TARGET_NAME)";
				SWIFT_VERSION = 5.0;
				TARGETED_DEVICE_FAMILY = "1,2";
				TEST_HOST = "$(BUILT_PRODUCTS_DIR)/Danger.app/Danger";
			};
			name = Debug;
		};
		2EC4C21D23FBAB6B007BAA01 /* Release */ = {
			isa = XCBuildConfiguration;
			buildSettings = {
				ALWAYS_EMBED_SWIFT_STANDARD_LIBRARIES = YES;
				BUNDLE_LOADER = "$(TEST_HOST)";
				CODE_SIGN_STYLE = Automatic;
				INFOPLIST_FILE = DangerTests/Info.plist;
				IPHONEOS_DEPLOYMENT_TARGET = 13.2;
				LD_RUNPATH_SEARCH_PATHS = (
					"$(inherited)",
					"@executable_path/Frameworks",
					"@loader_path/Frameworks",
				);
				PRODUCT_BUNDLE_IDENTIFIER = com.Ronald.DangerTests;
				PRODUCT_NAME = "$(TARGET_NAME)";
				SWIFT_VERSION = 5.0;
				TARGETED_DEVICE_FAMILY = "1,2";
				TEST_HOST = "$(BUILT_PRODUCTS_DIR)/Danger.app/Danger";
			};
			name = Release;
		};
		2EC4C21F23FBAB6B007BAA01 /* Debug */ = {
			isa = XCBuildConfiguration;
			buildSettings = {
				ALWAYS_EMBED_SWIFT_STANDARD_LIBRARIES = YES;
				CODE_SIGN_STYLE = Automatic;
				INFOPLIST_FILE = DangerUITests/Info.plist;
				LD_RUNPATH_SEARCH_PATHS = (
					"$(inherited)",
					"@executable_path/Frameworks",
					"@loader_path/Frameworks",
				);
				PRODUCT_BUNDLE_IDENTIFIER = com.Ronald.DangerUITests;
				PRODUCT_NAME = "$(TARGET_NAME)";
				SWIFT_VERSION = 5.0;
				TARGETED_DEVICE_FAMILY = "1,2";
				TEST_TARGET_NAME = Danger;
			};
			name = Debug;
		};
		2EC4C22023FBAB6B007BAA01 /* Release */ = {
			isa = XCBuildConfiguration;
			buildSettings = {
				ALWAYS_EMBED_SWIFT_STANDARD_LIBRARIES = YES;
				CODE_SIGN_STYLE = Automatic;
				INFOPLIST_FILE = DangerUITests/Info.plist;
				LD_RUNPATH_SEARCH_PATHS = (
					"$(inherited)",
					"@executable_path/Frameworks",
					"@loader_path/Frameworks",
				);
				PRODUCT_BUNDLE_IDENTIFIER = com.Ronald.DangerUITests;
				PRODUCT_NAME = "$(TARGET_NAME)";
				SWIFT_VERSION = 5.0;
				TARGETED_DEVICE_FAMILY = "1,2";
				TEST_TARGET_NAME = Danger;
			};
			name = Release;
		};
/* End XCBuildConfiguration section */

/* Begin XCConfigurationList section */
		2EC4C1E923FBAB68007BAA01 /* Build configuration list for PBXProject "Danger" */ = {
			isa = XCConfigurationList;
			buildConfigurations = (
				2EC4C21623FBAB6B007BAA01 /* Debug */,
				2EC4C21723FBAB6B007BAA01 /* Release */,
			);
			defaultConfigurationIsVisible = 0;
			defaultConfigurationName = Release;
		};
		2EC4C21823FBAB6B007BAA01 /* Build configuration list for PBXNativeTarget "Danger" */ = {
			isa = XCConfigurationList;
			buildConfigurations = (
				2EC4C21923FBAB6B007BAA01 /* Debug */,
				2EC4C21A23FBAB6B007BAA01 /* Release */,
			);
			defaultConfigurationIsVisible = 0;
			defaultConfigurationName = Release;
		};
		2EC4C21B23FBAB6B007BAA01 /* Build configuration list for PBXNativeTarget "DangerTests" */ = {
			isa = XCConfigurationList;
			buildConfigurations = (
				2EC4C21C23FBAB6B007BAA01 /* Debug */,
				2EC4C21D23FBAB6B007BAA01 /* Release */,
			);
			defaultConfigurationIsVisible = 0;
			defaultConfigurationName = Release;
		};
		2EC4C21E23FBAB6B007BAA01 /* Build configuration list for PBXNativeTarget "DangerUITests" */ = {
			isa = XCConfigurationList;
			buildConfigurations = (
				2EC4C21F23FBAB6B007BAA01 /* Debug */,
				2EC4C22023FBAB6B007BAA01 /* Release */,
			);
			defaultConfigurationIsVisible = 0;
			defaultConfigurationName = Release;
		};
/* End XCConfigurationList section */
	};
	rootObject = 2EC4C1E623FBAB68007BAA01 /* Project object */;
}
